
Microsoft Visual Studio Solution File, Format Version 12.00
# Visual Studio Version 17
VisualStudioVersion = 17.3.32929.385
MinimumVisualStudioVersion = 10.0.40219.1
Project("{FAE04EC0-301F-11D3-BF4B-00C04F79EFBC}") = "OnAirController", "OnAirController\OnAirController.csproj", "{7D2764DE-98DE-4B2F-9BE3-CAB498E59EBC}"
EndProject
Global
	GlobalSection(SolutionConfigurationPlatforms) = preSolution
		Debug|Any CPU = Debug|Any CPU
		Release|Any CPU = Release|Any CPU
	EndGlobalSection
	GlobalSection(ProjectConfigurationPlatforms) = postSolution
		{7D2764DE-98DE-4B2F-9BE3-CAB498E59EBC}.Debug|Any CPU.ActiveCfg = Debug|Any CPU
		{7D2764DE-98DE-4B2F-9BE3-CAB498E59EBC}.Debug|Any CPU.Build.0 = Debug|Any CPU
		{7D2764DE-98DE-4B2F-9BE3-CAB498E59EBC}.Release|Any CPU.ActiveCfg = Release|Any CPU
		{7D2764DE-98DE-4B2F-9BE3-CAB498E59EBC}.Release|Any CPU.Build.0 = Release|Any CPU
	EndGlobalSection
	GlobalSection(SolutionProperties) = preSolution
		HideSolutionNode = FALSE
	EndGlobalSection
	GlobalSection(ExtensibilityGlobals) = postSolution
		SolutionGuid = {EE4A4772-4D51-4C60-A3FD-0CE204C45753}
	EndGlobalSection
EndGlobal
